
Microsoft Visual Studio Solution File, Format Version 12.00
# Visual Studio 2015
Project("{FAE04EC0-301F-11D3-BF4B-00C04F79EFBC}") = "HeartAttack1.1a.CSharp.Plugins", "HeartAttack1.1a.CSharp.Plugins.csproj", "{6649D6EB-34B3-3750-546C-288D35E54996}"
EndProject
Project("{FAE04EC0-301F-11D3-BF4B-00C04F79EFBC}") = "HeartAttack1.1a.CSharp", "HeartAttack1.1a.CSharp.csproj", "{68D040FD-A0EC-3004-5967-6842A04E1FCB}"
EndProject
Project("{FAE04EC0-301F-11D3-BF4B-00C04F79EFBC}") = "HeartAttack1.1a.CSharp.Editor", "HeartAttack1.1a.CSharp.Editor.csproj", "{D1B6C382-A8CA-7920-7845-6C8C8835661B}"
EndProject
Global
	GlobalSection(SolutionConfigurationPlatforms) = preSolution
		Debug|Any CPU = Debug|Any CPU
		Release|Any CPU = Release|Any CPU
	EndGlobalSection
	GlobalSection(ProjectConfigurationPlatforms) = postSolution
		{6649D6EB-34B3-3750-546C-288D35E54996}.Debug|Any CPU.ActiveCfg = Debug|Any CPU
		{6649D6EB-34B3-3750-546C-288D35E54996}.Debug|Any CPU.Build.0 = Debug|Any CPU
		{6649D6EB-34B3-3750-546C-288D35E54996}.Release|Any CPU.ActiveCfg = Release|Any CPU
		{6649D6EB-34B3-3750-546C-288D35E54996}.Release|Any CPU.Build.0 = Release|Any CPU
		{68D040FD-A0EC-3004-5967-6842A04E1FCB}.Debug|Any CPU.ActiveCfg = Debug|Any CPU
		{68D040FD-A0EC-3004-5967-6842A04E1FCB}.Debug|Any CPU.Build.0 = Debug|Any CPU
		{68D040FD-A0EC-3004-5967-6842A04E1FCB}.Release|Any CPU.ActiveCfg = Release|Any CPU
		{68D040FD-A0EC-3004-5967-6842A04E1FCB}.Release|Any CPU.Build.0 = Release|Any CPU
		{D1B6C382-A8CA-7920-7845-6C8C8835661B}.Debug|Any CPU.ActiveCfg = Debug|Any CPU
		{D1B6C382-A8CA-7920-7845-6C8C8835661B}.Debug|Any CPU.Build.0 = Debug|Any CPU
		{D1B6C382-A8CA-7920-7845-6C8C8835661B}.Release|Any CPU.ActiveCfg = Release|Any CPU
		{D1B6C382-A8CA-7920-7845-6C8C8835661B}.Release|Any CPU.Build.0 = Release|Any CPU
	EndGlobalSection
	GlobalSection(SolutionProperties) = preSolution
		HideSolutionNode = FALSE
	EndGlobalSection
EndGlobal
